Microsoft Visual Studio Solution File, Format Version 12.00
# Visual Studio Version 17
VisualStudioVersion = 17.5.2.0
MinimumVisualStudioVersion = 10.0.40219.1
Project("{FAE04EC0-301F-11D3-BF4B-00C04F79EFBC}") = "Lab1", "Lab1\Lab1.csproj", "{4C38379F-6B46-EF58-4F1F-EC66EF1F7497}"
EndProject
Project("{FAE04EC0-301F-11D3-BF4B-00C04F79EFBC}") = "Lab2", "Lab2\Lab2.csproj", "{638D3935-1298-4F38-A0C1-5228E32D1449}"
EndProject
Project("{FAE04EC0-301F-11D3-BF4B-00C04F79EFBC}") = "Lab3", "Lab3\Lab3.csproj", "{4182458E-1DFD-4978-BEEF-EE948909DDB2}"
EndProject
Project("{FAE04EC0-301F-11D3-BF4B-00C04F79EFBC}") = "Lab4", "Lab4\Lab4.csproj", "{9D0EEACB-B5A5-4C22-A62D-0F7ECFA77A66}"
EndProject
Project("{FAE04EC0-301F-11D3-BF4B-00C04F79EFBC}") = "Lab5", "Lab5\Lab5.csproj", "{295100C2-B412-4880-8974-EDB511D8DA15}"
EndProject
Project("{FAE04EC0-301F-11D3-BF4B-00C04F79EFBC}") = "Lab6", "Lab6\Lab6.csproj", "{1D3E067E-FD19-403C-A038-5931CDF5B7A8}"
EndProject
Global
	GlobalSection(SolutionConfigurationPlatforms) = preSolution
		Debug|Any CPU = Debug|Any CPU
		Release|Any CPU = Release|Any CPU
	EndGlobalSection
	GlobalSection(ProjectConfigurationPlatforms) = postSolution
		{4C38379F-6B46-EF58-4F1F-EC66EF1F7497}.Debug|Any CPU.ActiveCfg = Debug|Any CPU
		{4C38379F-6B46-EF58-4F1F-EC66EF1F7497}.Debug|Any CPU.Build.0 = Debug|Any CPU
		{4C38379F-6B46-EF58-4F1F-EC66EF1F7497}.Release|Any CPU.ActiveCfg = Release|Any CPU
		{4C38379F-6B46-EF58-4F1F-EC66EF1F7497}.Release|Any CPU.Build.0 = Release|Any CPU
		{638D3935-1298-4F38-A0C1-5228E32D1449}.Debug|Any CPU.ActiveCfg = Debug|Any CPU
		{638D3935-1298-4F38-A0C1-5228E32D1449}.Debug|Any CPU.Build.0 = Debug|Any CPU
		{638D3935-1298-4F38-A0C1-5228E32D1449}.Release|Any CPU.ActiveCfg = Release|Any CPU
		{638D3935-1298-4F38-A0C1-5228E32D1449}.Release|Any CPU.Build.0 = Release|Any CPU
		{4182458E-1DFD-4978-BEEF-EE948909DDB2}.Debug|Any CPU.ActiveCfg = Debug|Any CPU
		{4182458E-1DFD-4978-BEEF-EE948909DDB2}.Debug|Any CPU.Build.0 = Debug|Any CPU
		{4182458E-1DFD-4978-BEEF-EE948909DDB2}.Release|Any CPU.ActiveCfg = Release|Any CPU
		{4182458E-1DFD-4978-BEEF-EE948909DDB2}.Release|Any CPU.Build.0 = Release|Any CPU
		{9D0EEACB-B5A5-4C22-A62D-0F7ECFA77A66}.Debug|Any CPU.ActiveCfg = Debug|Any CPU
		{9D0EEACB-B5A5-4C22-A62D-0F7ECFA77A66}.Debug|Any CPU.Build.0 = Debug|Any CPU
		{9D0EEACB-B5A5-4C22-A62D-0F7ECFA77A66}.Release|Any CPU.ActiveCfg = Release|Any CPU
		{9D0EEACB-B5A5-4C22-A62D-0F7ECFA77A66}.Release|Any CPU.Build.0 = Release|Any CPU
		{295100C2-B412-4880-8974-EDB511D8DA15}.Debug|Any CPU.ActiveCfg = Debug|Any CPU
		{295100C2-B412-4880-8974-EDB511D8DA15}.Debug|Any CPU.Build.0 = Debug|Any CPU
		{295100C2-B412-4880-8974-EDB511D8DA15}.Release|Any CPU.ActiveCfg = Release|Any CPU
		{295100C2-B412-4880-8974-EDB511D8DA15}.Release|Any CPU.Build.0 = Release|Any CPU
		{1D3E067E-FD19-403C-A038-5931CDF5B7A8}.Debug|Any CPU.ActiveCfg = Debug|Any CPU
		{1D3E067E-FD19-403C-A038-5931CDF5B7A8}.Debug|Any CPU.Build.0 = Debug|Any CPU
		{1D3E067E-FD19-403C-A038-5931CDF5B7A8}.Release|Any CPU.ActiveCfg = Release|Any CPU
		{1D3E067E-FD19-403C-A038-5931CDF5B7A8}.Release|Any CPU.Build.0 = Release|Any CPU
	EndGlobalSection
	GlobalSection(SolutionProperties) = preSolution
		HideSolutionNode = FALSE
	EndGlobalSection
	GlobalSection(ExtensibilityGlobals) = postSolution
		SolutionGuid = {FF51EDB7-244D-49E7-8725-5F9C9D5E2E93}
	EndGlobalSection
EndGlobal
